
Microsoft Visual Studio Solution File, Format Version 12.00
# Visual Studio Version 17
VisualStudioVersion = 17.3.32825.248
MinimumVisualStudioVersion = 10.0.40219.1
Project("{FAE04EC0-301F-11D3-BF4B-00C04F79EFBC}") = "WebScarpy", "WebScarpy\WebScarpy.csproj", "{1AC7FBEE-96D4-4A4E-B133-F781AF54DEB6}"
EndProject
Global
	GlobalSection(SolutionConfigurationPlatforms) = preSolution
		Debug|Any CPU = Debug|Any CPU
		Release|Any CPU = Release|Any CPU
	EndGlobalSection
	GlobalSection(ProjectConfigurationPlatforms) = postSolution
		{1AC7FBEE-96D4-4A4E-B133-F781AF54DEB6}.Debug|Any CPU.ActiveCfg = Debug|Any CPU
		{1AC7FBEE-96D4-4A4E-B133-F781AF54DEB6}.Debug|Any CPU.Build.0 = Debug|Any CPU
		{1AC7FBEE-96D4-4A4E-B133-F781AF54DEB6}.Release|Any CPU.ActiveCfg = Release|Any CPU
		{1AC7FBEE-96D4-4A4E-B133-F781AF54DEB6}.Release|Any CPU.Build.0 = Release|Any CPU
	EndGlobalSection
	GlobalSection(SolutionProperties) = preSolution
		HideSolutionNode = FALSE
	EndGlobalSection
	GlobalSection(ExtensibilityGlobals) = postSolution
		SolutionGuid = {A8E38A5F-E651-4979-B0C4-6CBC4092BADB}
	EndGlobalSection
EndGlobal
